<?xml version="1.0" encoding="utf-8"?>
<Project ToolsVersion="4.0" xmlns="http://schemas.microsoft.com/developer/msbuild/2003">
  <ItemGroup>
    <Filter Include="源文件">
      <UniqueIdentifier>{4FC737F1-C7A5-4376-A066-2A32D752A2FF}</UniqueIdentifier>
      <Extensions>cpp;c;cc;cxx;def;odl;idl;hpj;bat;asm;asmx</Extensions>
    </Filter>
    <Filter Include="头文件">
      <UniqueIdentifier>{93995380-89BD-4b04-88EB-625FBE52EBFB}</UniqueIdentifier>
      <Extensions>h;hh;hpp;hxx;hm;inl;inc;xsd</Extensions>
    </Filter>
    <Filter Include="资源文件">
      <UniqueIdentifier>{67DA6AB6-F800-4c08-8B7A-83BB121AAD01}</UniqueIdentifier>
      <Extensions>rc;ico;cur;bmp;dlg;rc2;rct;bin;rgs;gif;jpg;jpeg;jpe;resx;tiff;tif;png;wav;mfcribbon-ms</Extensions>
    </Filter>
    <Filter Include="ImGui">
      <UniqueIdentifier>{7152ac17-9ede-48e1-8ec9-de10645fa807}</UniqueIdentifier>
    </Filter>
    <Filter Include="detours">
      <UniqueIdentifier>{f51f216b-fafd-4855-8255-8efb72b5f97c}</UniqueIdentifier>
    </Filter>
    <Filter Include="cd3dfont">
      <UniqueIdentifier>{2393e188-f86f-48ba-b5d1-2bd44266e2d6}</UniqueIdentifier>
    </Filter>
    <Filter Include="hl2sdk">
      <UniqueIdentifier>{73581203-57e5-43fc-afb7-70cb058cfbd3}</UniqueIdentifier>
    </Filter>
    <Filter Include="hl2sdk\Interfaces">
      <UniqueIdentifier>{2bb37bbe-b793-4a14-9033-af4313c2b2db}</UniqueIdentifier>
    </Filter>
    <Filter Include="hl2sdk\Utils">
      <UniqueIdentifier>{22e91b8e-c7b1-4ebd-937c-9d25d7e8e07a}</UniqueIdentifier>
    </Filter>
    <Filter Include="hl2sdk\Structs">
      <UniqueIdentifier>{d54b2607-934a-4dcb-8349-90c07a7af91c}</UniqueIdentifier>
    </Filter>
    <Filter Include="hl2sdk\Features">
      <UniqueIdentifier>{a780306e-5961-468e-80e0-5cfbcac40208}</UniqueIdentifier>
    </Filter>
    <Filter Include="ADVobfuscator">
      <UniqueIdentifier>{0503812a-a0cc-4cd8-9129-00401b3257ad}</UniqueIdentifier>
    </Filter>
    <Filter Include="ImGui\dx9_win32">
      <UniqueIdentifier>{85cabbe9-b4c8-45da-9961-b6fceff95c3c}</UniqueIdentifier>
    </Filter>
  </ItemGroup>
  <ItemGroup>
    <ClCompile Include="main.cpp">
      <Filter>源文件</Filter>
    </ClCompile>
    <ClCompile Include="dx9hook.cpp">
      <Filter>源文件</Filter>
    </ClCompile>
    <ClCompile Include="peb.cpp">
      <Filter>源文件</Filter>
    </ClCompile>
    <ClCompile Include="utils.cpp">
      <Filter>源文件</Filter>
    </ClCompile>
    <ClCompile Include="vmt.cpp">
      <Filter>源文件</Filter>
    </ClCompile>
    <ClCompile Include="..\detours\detourxs.cpp">
      <Filter>detours</Filter>
    </ClCompile>
    <ClCompile Include="..\detours\splice.cpp">
      <Filter>detours</Filter>
    </ClCompile>
    <ClCompile Include="drawing.cpp">
      <Filter>源文件</Filter>
    </ClCompile>
    <ClCompile Include="vector.cpp">
      <Filter>源文件</Filter>
    </ClCompile>
    <ClCompile Include="..\d3dfont\D3DFont.cpp">
      <Filter>cd3dfont</Filter>
    </ClCompile>
    <ClCompile Include="menu.cpp">
      <Filter>源文件</Filter>
    </ClCompile>
    <ClCompile Include="..\hl2sdk\Interfaces\IInputSystem.cpp">
      <Filter>hl2sdk\Interfaces</Filter>
    </ClCompile>
    <ClCompile Include="..\hl2sdk\Interfaces\IMaterialSystem.cpp">
      <Filter>hl2sdk\Interfaces</Filter>
    </ClCompile>
    <ClCompile Include="..\hl2sdk\Interfaces\IPhysicsSurfaceProps.cpp">
      <Filter>hl2sdk\Interfaces</Filter>
    </ClCompile>
    <ClCompile Include="..\hl2sdk\Interfaces\ISurface.cpp">
      <Filter>hl2sdk\Interfaces</Filter>
    </ClCompile>
    <ClCompile Include="..\hl2sdk\Interfaces\IVModelRender.cpp">
      <Filter>hl2sdk\Interfaces</Filter>
    </ClCompile>
    <ClCompile Include="..\hl2sdk\Interfaces\IVPanel.cpp">
      <Filter>hl2sdk\Interfaces</Filter>
    </ClCompile>
    <ClCompile Include="..\hl2sdk\Interfaces\IBaseClientDLL.cpp">
      <Filter>hl2sdk\Interfaces</Filter>
    </ClCompile>
    <ClCompile Include="..\hl2sdk\Structs\recvprop.cpp">
      <Filter>hl2sdk\Structs</Filter>
    </ClCompile>
    <ClCompile Include="..\hl2sdk\Structs\bitbuffer.cpp">
      <Filter>hl2sdk\Structs</Filter>
    </ClCompile>
    <ClCompile Include="..\hl2sdk\Structs\handle.cpp">
      <Filter>hl2sdk\Structs</Filter>
    </ClCompile>
    <ClCompile Include="..\hl2sdk\Structs\trace.cpp">
      <Filter>hl2sdk\Structs</Filter>
    </ClCompile>
    <ClCompile Include="..\hl2sdk\Interfaces\IAppSystem.h">
      <Filter>hl2sdk\Interfaces</Filter>
    </ClCompile>
    <ClCompile Include="..\hl2sdk\Structs\matrix.cpp">
      <Filter>hl2sdk\Structs</Filter>
    </ClCompile>
    <ClCompile Include="..\hl2sdk\Structs\color.cpp">
      <Filter>hl2sdk\Structs</Filter>
    </ClCompile>
    <ClCompile Include="..\hl2sdk\Utils\utlvector.cpp">
      <Filter>hl2sdk\Utils</Filter>
    </ClCompile>
    <ClCompile Include="..\hl2sdk\Utils\utlmemory.cpp">
      <Filter>hl2sdk\Utils</Filter>
    </ClCompile>
    <ClCompile Include="..\hl2sdk\Utils\utlblockmemory.cpp">
      <Filter>hl2sdk\Utils</Filter>
    </ClCompile>
    <ClCompile Include="..\hl2sdk\Utils\checksum_md5.cpp">
      <Filter>hl2sdk\Utils</Filter>
    </ClCompile>
    <ClCompile Include="..\hl2sdk\Utils\strtools.cpp">
      <Filter>hl2sdk\Utils</Filter>
    </ClCompile>
    <ClCompile Include="..\hl2sdk\Utils\strtools_unicode.cpp">
      <Filter>hl2sdk\Utils</Filter>
    </ClCompile>
    <ClCompile Include="..\hl2sdk\Utils\checksum_crc.cpp">
      <Filter>hl2sdk\Utils</Filter>
    </ClCompile>
    <ClCompile Include="..\hl2sdk\Structs\usercmd.cpp">
      <Filter>hl2sdk\Structs</Filter>
    </ClCompile>
    <ClCompile Include="..\hl2sdk\Utils\checksum_sha1.cpp">
      <Filter>hl2sdk\Utils</Filter>
    </ClCompile>
    <ClCompile Include="..\hl2sdk\Structs\convar.cpp">
      <Filter>hl2sdk\Structs</Filter>
    </ClCompile>
    <ClCompile Include="..\hl2sdk\Utils\utlstring.cpp">
      <Filter>hl2sdk\Utils</Filter>
    </ClCompile>
    <ClCompile Include="..\hl2sdk\Interfaces\ICvar.cpp">
      <Filter>hl2sdk\Interfaces</Filter>
    </ClCompile>
    <ClCompile Include="..\hl2sdk\Utils\utlbuffer.cpp">
      <Filter>hl2sdk\Utils</Filter>
    </ClCompile>
    <ClCompile Include="..\hl2sdk\interfaces.cpp">
      <Filter>hl2sdk</Filter>
    </ClCompile>
    <ClCompile Include="..\hl2sdk\Structs\vplane.cpp">
      <Filter>hl2sdk\Structs</Filter>
    </ClCompile>
    <ClCompile Include="..\hl2sdk\Structs\netprop.cpp">
      <Filter>hl2sdk\Structs</Filter>
    </ClCompile>
    <ClCompile Include="..\hl2sdk\hook.cpp">
      <Filter>hl2sdk</Filter>
    </ClCompile>
    <ClCompile Include="..\hl2sdk\Structs\baseentity.cpp">
      <Filter>hl2sdk\Structs</Filter>
    </ClCompile>
    <ClCompile Include="..\hl2sdk\Features\BaseFeatures.cpp">
      <Filter>hl2sdk\Features</Filter>
    </ClCompile>
    <ClCompile Include="..\hl2sdk\Features\BunnyHop.cpp">
      <Filter>hl2sdk\Features</Filter>
    </ClCompile>
    <ClCompile Include="..\hl2sdk\Interfaces\IUniformRandomStream.cpp">
      <Filter>hl2sdk\Interfaces</Filter>
    </ClCompile>
    <ClCompile Include="speedhack.cpp">
      <Filter>源文件</Filter>
    </ClCompile>
    <ClCompile Include="..\hl2sdk\Structs\baseplayer.cpp">
      <Filter>hl2sdk\Structs</Filter>
    </ClCompile>
    <ClCompile Include="..\hl2sdk\Structs\baseweapon.cpp">
      <Filter>hl2sdk\Structs</Filter>
    </ClCompile>
    <ClCompile Include="..\hl2sdk\Features\SpeedHacker.cpp">
      <Filter>hl2sdk\Features</Filter>
    </ClCompile>
    <ClCompile Include="..\hl2sdk\Features\TriggerBot.cpp">
      <Filter>hl2sdk\Features</Filter>
    </ClCompile>
    <ClCompile Include="..\hl2sdk\Features\Aimbot.cpp">
      <Filter>hl2sdk\Features</Filter>
    </ClCompile>
    <ClCompile Include="..\hl2sdk\Features\NoRecoilSpread.cpp">
      <Filter>hl2sdk\Features</Filter>
    </ClCompile>
    <ClCompile Include="..\hl2sdk\Features\Knifebot.cpp">
      <Filter>hl2sdk\Features</Filter>
    </ClCompile>
    <ClCompile Include="..\hl2sdk\Features\Visual.cpp">
      <Filter>hl2sdk\Features</Filter>
    </ClCompile>
    <ClCompile Include="..\hl2sdk\Utils\math.cpp">
      <Filter>hl2sdk\Utils</Filter>
    </ClCompile>
    <ClCompile Include="..\hl2sdk\Features\DropVisual.cpp">
      <Filter>hl2sdk\Features</Filter>
    </ClCompile>
    <ClCompile Include="config.cpp">
      <Filter>源文件</Filter>
    </ClCompile>
    <ClCompile Include="..\hl2sdk\Features\AntiAntiCheat.cpp">
      <Filter>hl2sdk\Features</Filter>
    </ClCompile>
    <ClCompile Include="console.cpp">
      <Filter>源文件</Filter>
    </ClCompile>
    <ClCompile Include="..\hl2sdk\Structs\baseplayerresource.cpp">
      <Filter>hl2sdk\Structs</Filter>
    </ClCompile>
    <ClCompile Include="..\hl2sdk\Features\HackvsHack.cpp">
      <Filter>hl2sdk\Features</Filter>
    </ClCompile>
    <ClCompile Include="..\hl2sdk\Features\EventLogger.cpp">
      <Filter>hl2sdk\Features</Filter>
    </ClCompile>
    <ClCompile Include="..\hl2sdk\Structs\keyvalues.cpp">
      <Filter>hl2sdk\Structs</Filter>
    </ClCompile>
    <ClCompile Include="..\hl2sdk\Features\QTE.cpp">
      <Filter>hl2sdk\Features</Filter>
    </ClCompile>
    <ClCompile Include="..\imgui\imgui_widgets.cpp">
      <Filter>ImGui</Filter>
    </ClCompile>
    <ClCompile Include="..\imgui\imgui.cpp">
      <Filter>ImGui</Filter>
    </ClCompile>
    <ClCompile Include="..\imgui\imgui_demo.cpp">
      <Filter>ImGui</Filter>
    </ClCompile>
    <ClCompile Include="..\imgui\imgui_draw.cpp">
      <Filter>ImGui</Filter>
    </ClCompile>
    <ClCompile Include="..\imgui\examples\imgui_impl_dx9.cpp">
      <Filter>ImGui\dx9_win32</Filter>
    </ClCompile>
    <ClCompile Include="..\imgui\examples\imgui_impl_win32.cpp">
      <Filter>ImGui\dx9_win32</Filter>
    </ClCompile>
  </ItemGroup>
  <ItemGroup>
    <ClInclude Include="dx9hook.h">
      <Filter>头文件</Filter>
    </ClInclude>
    <ClInclude Include="peb.h">
      <Filter>头文件</Filter>
    </ClInclude>
    <ClInclude Include="utils.h">
      <Filter>头文件</Filter>
    </ClInclude>
    <ClInclude Include="xorstr.h">
      <Filter>头文件</Filter>
    </ClInclude>
    <ClInclude Include="vmt.h">
      <Filter>头文件</Filter>
    </ClInclude>
    <ClInclude Include="..\detours\splice.h">
      <Filter>detours</Filter>
    </ClInclude>
    <ClInclude Include="..\detours\detourxs.h">
      <Filter>detours</Filter>
    </ClInclude>
    <ClInclude Include="..\detours\opcodes.h">
      <Filter>detours</Filter>
    </ClInclude>
    <ClInclude Include="drawing.h">
      <Filter>头文件</Filter>
    </ClInclude>
    <ClInclude Include="vector.h">
      <Filter>头文件</Filter>
    </ClInclude>
    <ClInclude Include="..\d3dfont\D3DFont.h">
      <Filter>cd3dfont</Filter>
    </ClInclude>
    <ClInclude Include="menu.h">
      <Filter>头文件</Filter>
    </ClInclude>
    <ClInclude Include="..\hl2sdk\Interfaces\IGameMovement.h">
      <Filter>hl2sdk\Interfaces</Filter>
    </ClInclude>
    <ClInclude Include="..\hl2sdk\Interfaces\IGlobalVarsBase.h">
      <Filter>hl2sdk\Interfaces</Filter>
    </ClInclude>
    <ClInclude Include="..\hl2sdk\Interfaces\IInputSystem.h">
      <Filter>hl2sdk\Interfaces</Filter>
    </ClInclude>
    <ClInclude Include="..\hl2sdk\Interfaces\IMaterial.h">
      <Filter>hl2sdk\Interfaces</Filter>
    </ClInclude>
    <ClInclude Include="..\hl2sdk\Interfaces\IMaterialSystem.h">
      <Filter>hl2sdk\Interfaces</Filter>
    </ClInclude>
    <ClInclude Include="..\hl2sdk\Interfaces\IMoveHelper.h">
      <Filter>hl2sdk\Interfaces</Filter>
    </ClInclude>
    <ClInclude Include="..\hl2sdk\Interfaces\IPrediction.h">
      <Filter>hl2sdk\Interfaces</Filter>
    </ClInclude>
    <ClInclude Include="..\hl2sdk\Interfaces\IRenderView.h">
      <Filter>hl2sdk\Interfaces</Filter>
    </ClInclude>
    <ClInclude Include="..\hl2sdk\Interfaces\IStudioRender.h">
      <Filter>hl2sdk\Interfaces</Filter>
    </ClInclude>
    <ClInclude Include="..\hl2sdk\Interfaces\ISurface.h">
      <Filter>hl2sdk\Interfaces</Filter>
    </ClInclude>
    <ClInclude Include="..\hl2sdk\Interfaces\IVDebugOverlay.h">
      <Filter>hl2sdk\Interfaces</Filter>
    </ClInclude>
    <ClInclude Include="..\hl2sdk\Interfaces\IVModelInfo.h">
      <Filter>hl2sdk\Interfaces</Filter>
    </ClInclude>
    <ClInclude Include="..\hl2sdk\Interfaces\IVModelRender.h">
      <Filter>hl2sdk\Interfaces</Filter>
    </ClInclude>
    <ClInclude Include="..\hl2sdk\Interfaces\IVPanel.h">
      <Filter>hl2sdk\Interfaces</Filter>
    </ClInclude>
    <ClInclude Include="..\hl2sdk\Interfaces\IBaseClientDLL.h">
      <Filter>hl2sdk\Interfaces</Filter>
    </ClInclude>
    <ClInclude Include="..\hl2sdk\Interfaces\IClientEntityList.h">
      <Filter>hl2sdk\Interfaces</Filter>
    </ClInclude>
    <ClInclude Include="..\hl2sdk\Interfaces\IClientModeShared.h">
      <Filter>hl2sdk\Interfaces</Filter>
    </ClInclude>
    <ClInclude Include="..\hl2sdk\Interfaces\ICvar.h">
      <Filter>hl2sdk\Interfaces</Filter>
    </ClInclude>
    <ClInclude Include="..\hl2sdk\Interfaces\IEngineClient.h">
      <Filter>hl2sdk\Interfaces</Filter>
    </ClInclude>
    <ClInclude Include="..\hl2sdk\Interfaces\IEngineTrace.h">
      <Filter>hl2sdk\Interfaces</Filter>
    </ClInclude>
    <ClInclude Include="..\hl2sdk\indexes.h">
      <Filter>hl2sdk</Filter>
    </ClInclude>
    <ClInclude Include="..\hl2sdk\definitions.h">
      <Filter>hl2sdk</Filter>
    </ClInclude>
    <ClInclude Include="..\hl2sdk\Structs\clientclass.h">
      <Filter>hl2sdk\Structs</Filter>
    </ClInclude>
    <ClInclude Include="..\hl2sdk\Structs\recvprop.h">
      <Filter>hl2sdk\Structs</Filter>
    </ClInclude>
    <ClInclude Include="..\hl2sdk\Structs\baseentity.h">
      <Filter>hl2sdk\Structs</Filter>
    </ClInclude>
    <ClInclude Include="..\hl2sdk\Interfaces\IClientUnknown.h">
      <Filter>hl2sdk\Interfaces</Filter>
    </ClInclude>
    <ClInclude Include="..\hl2sdk\Interfaces\IClientNetworkable.h">
      <Filter>hl2sdk\Interfaces</Filter>
    </ClInclude>
    <ClInclude Include="..\hl2sdk\Interfaces\IClientEntity.h">
      <Filter>hl2sdk\Interfaces</Filter>
    </ClInclude>
    <ClInclude Include="..\hl2sdk\Structs\bitbuffer.h">
      <Filter>hl2sdk\Structs</Filter>
    </ClInclude>
    <ClInclude Include="..\hl2sdk\Structs\handle.h">
      <Filter>hl2sdk\Structs</Filter>
    </ClInclude>
    <ClInclude Include="..\hl2sdk\Interfaces\IClientThinkable.h">
      <Filter>hl2sdk\Interfaces</Filter>
    </ClInclude>
    <ClInclude Include="..\hl2sdk\Interfaces\IClientRenderable.h">
      <Filter>hl2sdk\Interfaces</Filter>
    </ClInclude>
    <ClInclude Include="..\hl2sdk\Interfaces\ICollideable.h">
      <Filter>hl2sdk\Interfaces</Filter>
    </ClInclude>
    <ClInclude Include="..\hl2sdk\Structs\trace.h">
      <Filter>hl2sdk\Structs</Filter>
    </ClInclude>
    <ClInclude Include="..\hl2sdk\Structs\playerinfo.h">
      <Filter>hl2sdk\Structs</Filter>
    </ClInclude>
    <ClInclude Include="..\hl2sdk\Structs\matrix.h">
      <Filter>hl2sdk\Structs</Filter>
    </ClInclude>
    <ClInclude Include="..\hl2sdk\Structs\color.h">
      <Filter>hl2sdk\Structs</Filter>
    </ClInclude>
    <ClInclude Include="..\hl2sdk\Utils\utlmemory.h">
      <Filter>hl2sdk\Utils</Filter>
    </ClInclude>
    <ClInclude Include="..\hl2sdk\Utils\utlvector.h">
      <Filter>hl2sdk\Utils</Filter>
    </ClInclude>
    <ClInclude Include="..\hl2sdk\Utils\utlblockmemory.h">
      <Filter>hl2sdk\Utils</Filter>
    </ClInclude>
    <ClInclude Include="..\hl2sdk\Structs\usercmd.h">
      <Filter>hl2sdk\Structs</Filter>
    </ClInclude>
    <ClInclude Include="..\hl2sdk\Utils\checksum_md5.h">
      <Filter>hl2sdk\Utils</Filter>
    </ClInclude>
    <ClInclude Include="..\hl2sdk\Utils\strtools.h">
      <Filter>hl2sdk\Utils</Filter>
    </ClInclude>
    <ClInclude Include="..\hl2sdk\Utils\checksum_crc.h">
      <Filter>hl2sdk\Utils</Filter>
    </ClInclude>
    <ClInclude Include="..\hl2sdk\Utils\checksum_sha1.h">
      <Filter>hl2sdk\Utils</Filter>
    </ClInclude>
    <ClInclude Include="..\hl2sdk\Structs\convar.h">
      <Filter>hl2sdk\Structs</Filter>
    </ClInclude>
    <ClInclude Include="..\hl2sdk\Utils\utlstring.h">
      <Filter>hl2sdk\Utils</Filter>
    </ClInclude>
    <ClInclude Include="..\hl2sdk\Interfaces\IClientMode.h">
      <Filter>hl2sdk\Interfaces</Filter>
    </ClInclude>
    <ClInclude Include="..\hl2sdk\Interfaces\IGameEvent.h">
      <Filter>hl2sdk\Interfaces</Filter>
    </ClInclude>
    <ClInclude Include="..\hl2sdk\Interfaces\IUniformRandomStream.h">
      <Filter>hl2sdk\Interfaces</Filter>
    </ClInclude>
    <ClInclude Include="..\hl2sdk\Interfaces\IKeyValuesSystem.h">
      <Filter>hl2sdk\Interfaces</Filter>
    </ClInclude>
    <ClInclude Include="..\hl2sdk\Interfaces\IBaseFileSystem.h">
      <Filter>hl2sdk\Interfaces</Filter>
    </ClInclude>
    <ClInclude Include="..\hl2sdk\Utils\utlbuffer.h">
      <Filter>hl2sdk\Utils</Filter>
    </ClInclude>
    <ClInclude Include="..\hl2sdk\interfaces.h">
      <Filter>hl2sdk</Filter>
    </ClInclude>
    <ClInclude Include="..\hl2sdk\Structs\vplane.h">
      <Filter>hl2sdk\Structs</Filter>
    </ClInclude>
    <ClInclude Include="..\hl2sdk\Interfaces\IEngineVGui.h">
      <Filter>hl2sdk\Interfaces</Filter>
    </ClInclude>
    <ClInclude Include="..\hl2sdk\Interfaces\INetChannelInfo.h">
      <Filter>hl2sdk\Interfaces</Filter>
    </ClInclude>
    <ClInclude Include="..\hl2sdk\Structs\netprop.h">
      <Filter>hl2sdk\Structs</Filter>
    </ClInclude>
    <ClInclude Include="..\hl2sdk\hook.h">
      <Filter>hl2sdk</Filter>
    </ClInclude>
    <ClInclude Include="..\hl2sdk\Interfaces\IBaseClientState.h">
      <Filter>hl2sdk\Interfaces</Filter>
    </ClInclude>
    <ClInclude Include="..\hl2sdk\Interfaces\ILocalize.h">
      <Filter>hl2sdk\Interfaces</Filter>
    </ClInclude>
    <ClInclude Include="..\hl2sdk\Interfaces\INetworkStringTable.h">
      <Filter>hl2sdk\Interfaces</Filter>
    </ClInclude>
    <ClInclude Include="..\hl2sdk\Features\BaseFeatures.h">
      <Filter>hl2sdk\Features</Filter>
    </ClInclude>
    <ClInclude Include="..\hl2sdk\Features\BunnyHop.h">
      <Filter>hl2sdk\Features</Filter>
    </ClInclude>
    <ClInclude Include="speedhack.h">
      <Filter>头文件</Filter>
    </ClInclude>
    <ClInclude Include="..\hl2sdk\Structs\baseplayer.h">
      <Filter>hl2sdk\Structs</Filter>
    </ClInclude>
    <ClInclude Include="..\hl2sdk\Structs\baseweapon.h">
      <Filter>hl2sdk\Structs</Filter>
    </ClInclude>
    <ClInclude Include="..\hl2sdk\Features\SpeedHacker.h">
      <Filter>hl2sdk\Features</Filter>
    </ClInclude>
    <ClInclude Include="..\hl2sdk\Features\TriggerBot.h">
      <Filter>hl2sdk\Features</Filter>
    </ClInclude>
    <ClInclude Include="..\hl2sdk\Features\Aimbot.h">
      <Filter>hl2sdk\Features</Filter>
    </ClInclude>
    <ClInclude Include="..\hl2sdk\Features\NoRecoilSpread.h">
      <Filter>hl2sdk\Features</Filter>
    </ClInclude>
    <ClInclude Include="..\hl2sdk\Features\Knifebot.h">
      <Filter>hl2sdk\Features</Filter>
    </ClInclude>
    <ClInclude Include="..\hl2sdk\Features\Visual.h">
      <Filter>hl2sdk\Features</Filter>
    </ClInclude>
    <ClInclude Include="..\hl2sdk\Utils\math.h">
      <Filter>hl2sdk\Utils</Filter>
    </ClInclude>
    <ClInclude Include="..\hl2sdk\Features\DropVisual.h">
      <Filter>hl2sdk\Features</Filter>
    </ClInclude>
    <ClInclude Include="..\ADVobfuscator\Indexes.h">
      <Filter>ADVobfuscator</Filter>
    </ClInclude>
    <ClInclude Include="..\ADVobfuscator\Inline.h">
      <Filter>ADVobfuscator</Filter>
    </ClInclude>
    <ClInclude Include="..\ADVobfuscator\Log.h">
      <Filter>ADVobfuscator</Filter>
    </ClInclude>
    <ClInclude Include="..\ADVobfuscator\MetaFSM.h">
      <Filter>ADVobfuscator</Filter>
    </ClInclude>
    <ClInclude Include="..\ADVobfuscator\MetaRandom.h">
      <Filter>ADVobfuscator</Filter>
    </ClInclude>
    <ClInclude Include="..\ADVobfuscator\MetaString.h">
      <Filter>ADVobfuscator</Filter>
    </ClInclude>
    <ClInclude Include="..\ADVobfuscator\ObfuscatedCall.h">
      <Filter>ADVobfuscator</Filter>
    </ClInclude>
    <ClInclude Include="..\ADVobfuscator\ObfuscatedCallWithPredicate.h">
      <Filter>ADVobfuscator</Filter>
    </ClInclude>
    <ClInclude Include="..\ADVobfuscator\Unroller.h">
      <Filter>ADVobfuscator</Filter>
    </ClInclude>
    <ClInclude Include="config.h">
      <Filter>头文件</Filter>
    </ClInclude>
    <ClInclude Include="..\hl2sdk\Features\AntiAntiCheat.h">
      <Filter>hl2sdk\Features</Filter>
    </ClInclude>
    <ClInclude Include="console.h">
      <Filter>头文件</Filter>
    </ClInclude>
    <ClInclude Include="..\hl2sdk\Structs\baseplayerresource.h">
      <Filter>hl2sdk\Structs</Filter>
    </ClInclude>
    <ClInclude Include="..\hl2sdk\Features\HackvsHack.h">
      <Filter>hl2sdk\Features</Filter>
    </ClInclude>
    <ClInclude Include="..\hl2sdk\Features\EventLogger.h">
      <Filter>hl2sdk\Features</Filter>
    </ClInclude>
    <ClInclude Include="..\hl2sdk\Interfaces\IEngineSound.h">
      <Filter>hl2sdk\Interfaces</Filter>
    </ClInclude>
    <ClInclude Include="..\hl2sdk\Utils\utlhash.h">
      <Filter>hl2sdk\Utils</Filter>
    </ClInclude>
    <ClInclude Include="..\hl2sdk\Utils\utlqueue.h">
      <Filter>hl2sdk\Utils</Filter>
    </ClInclude>
    <ClInclude Include="..\hl2sdk\Utils\utlsortvector.h">
      <Filter>hl2sdk\Utils</Filter>
    </ClInclude>
    <ClInclude Include="..\hl2sdk\Utils\threadtools.h">
      <Filter>hl2sdk\Utils</Filter>
    </ClInclude>
    <ClInclude Include="..\hl2sdk\Structs\keyvalues.h">
      <Filter>hl2sdk\Structs</Filter>
    </ClInclude>
    <ClInclude Include="..\hl2sdk\Utils\utllinkedlist.h">
      <Filter>hl2sdk\Utils</Filter>
    </ClInclude>
    <ClInclude Include="..\hl2sdk\Utils\utlfixedmemory.h">
      <Filter>hl2sdk\Utils</Filter>
    </ClInclude>
    <ClInclude Include="..\hl2sdk\Features\QTE.h">
      <Filter>hl2sdk\Features</Filter>
    </ClInclude>
    <ClInclude Include="..\imgui\imgui_internal.h">
      <Filter>ImGui</Filter>
    </ClInclude>
    <ClInclude Include="..\imgui\imstb_rectpack.h">
      <Filter>ImGui</Filter>
    </ClInclude>
    <ClInclude Include="..\imgui\imstb_textedit.h">
      <Filter>ImGui</Filter>
    </ClInclude>
    <ClInclude Include="..\imgui\imstb_truetype.h">
      <Filter>ImGui</Filter>
    </ClInclude>
    <ClInclude Include="..\imgui\imconfig.h">
      <Filter>ImGui</Filter>
    </ClInclude>
    <ClInclude Include="..\imgui\imgui.h">
      <Filter>ImGui</Filter>
    </ClInclude>
    <ClInclude Include="..\imgui\examples\imgui_impl_dx9.h">
      <Filter>ImGui\dx9_win32</Filter>
    </ClInclude>
    <ClInclude Include="..\imgui\examples\imgui_impl_win32.h">
      <Filter>ImGui\dx9_win32</Filter>
    </ClInclude>
  </ItemGroup>
  <ItemGroup>
    <None Include="..\detours\hook.def">
      <Filter>detours</Filter>
    </None>
  </ItemGroup>
  <ItemGroup>
    <CustomBuild Include="..\detours\LDE64.asm">
      <Filter>detours</Filter>
    </CustomBuild>
    <CustomBuild Include="..\detours\LDE64x64.asm">
      <Filter>detours</Filter>
    </CustomBuild>
  </ItemGroup>
  <ItemGroup>
    <Library Include="..\dxsdk\Lib\x86\d3d9.lib">
      <Filter>资源文件</Filter>
    </Library>
    <Library Include="..\dxsdk\Lib\x86\d3dx9.lib">
      <Filter>资源文件</Filter>
    </Library>
  </ItemGroup>
</Project>